
Microsoft Visual Studio Solution File, Format Version 12.00
# Visual Studio Version 16
VisualStudioVersion = 16.0.30320.27
MinimumVisualStudioVersion = 10.0.40219.1
Project("{FAE04EC0-301F-11D3-BF4B-00C04F79EFBC}") = "P2-001", "P2-001\P2-001.csproj", "{48FE21A1-00A3-4C11-B230-A48BDCCC3DE7}"
EndProject
Project("{FAE04EC0-301F-11D3-BF4B-00C04F79EFBC}") = "Logic", "Logic\Logic.csproj", "{4B038ED1-8D15-4717-9E33-158F21CF269E}"
EndProject
Global
	GlobalSection(SolutionConfigurationPlatforms) = preSolution
		Debug|Any CPU = Debug|Any CPU
		Release|Any CPU = Release|Any CPU
	EndGlobalSection
	GlobalSection(ProjectConfigurationPlatforms) = postSolution
		{48FE21A1-00A3-4C11-B230-A48BDCCC3DE7}.Debug|Any CPU.ActiveCfg = Debug|Any CPU
		{48FE21A1-00A3-4C11-B230-A48BDCCC3DE7}.Debug|Any CPU.Build.0 = Debug|Any CPU
		{48FE21A1-00A3-4C11-B230-A48BDCCC3DE7}.Release|Any CPU.ActiveCfg = Release|Any CPU
		{48FE21A1-00A3-4C11-B230-A48BDCCC3DE7}.Release|Any CPU.Build.0 = Release|Any CPU
		{4B038ED1-8D15-4717-9E33-158F21CF269E}.Debug|Any CPU.ActiveCfg = Debug|Any CPU
		{4B038ED1-8D15-4717-9E33-158F21CF269E}.Debug|Any CPU.Build.0 = Debug|Any CPU
		{4B038ED1-8D15-4717-9E33-158F21CF269E}.Release|Any CPU.ActiveCfg = Release|Any CPU
		{4B038ED1-8D15-4717-9E33-158F21CF269E}.Release|Any CPU.Build.0 = Release|Any CPU
	EndGlobalSection
	GlobalSection(SolutionProperties) = preSolution
		HideSolutionNode = FALSE
	EndGlobalSection
	GlobalSection(ExtensibilityGlobals) = postSolution
		SolutionGuid = {AC585DA4-039E-46A1-897A-4CBE3BD0AFAB}
	EndGlobalSection
EndGlobal
